// !$*UTF8*$!
{
	archiveVersion = 1;
	classes = {
	};
	objectVersion = 46;
	objects = {

/* Begin PBXBuildFile section */
		4BDA820217B0E0DD00C1FA49 /* UIKit.framework in Frameworks */ = {isa = PBXBuildFile; fileRef = 4BDA820117B0E0DD00C1FA49 /* UIKit.framework */; };
		4BDA820417B0E0DD00C1FA49 /* Foundation.framework in Frameworks */ = {isa = PBXBuildFile; fileRef = 4BDA820317B0E0DD00C1FA49 /* Foundation.framework */; };
		4BDA820617B0E0DD00C1FA49 /* CoreGraphics.framework in Frameworks */ = {isa = PBXBuildFile; fileRef = 4BDA820517B0E0DD00C1FA49 /* CoreGraphics.framework */; };
		4BDA820C17B0E0DD00C1FA49 /* InfoPlist.strings in Resources */ = {isa = PBXBuildFile; fileRef = 4BDA820A17B0E0DD00C1FA49 /* InfoPlist.strings */; };
		4BDA820E17B0E0DD00C1FA49 /* main.m in Sources */ = {isa = PBXBuildFile; fileRef = 4BDA820D17B0E0DD00C1FA49 /* main.m */; };
		4BDA821217B0E0DD00C1FA49 /* AppDelegate.m in Sources */ = {isa = PBXBuildFile; fileRef = 4BDA821117B0E0DD00C1FA49 /* AppDelegate.m */; };
		4BDA821417B0E0DD00C1FA49 /* Default.png in Resources */ = {isa = PBXBuildFile; fileRef = 4BDA821317B0E0DD00C1FA49 /* Default.png */; };
		4BDA821617B0E0DD00C1FA49 /* Default@2x.png in Resources */ = {isa = PBXBuildFile; fileRef = 4BDA821517B0E0DD00C1FA49 /* Default@2x.png */; };
		4BDA821817B0E0DD00C1FA49 /* Default-568h@2x.png in Resources */ = {isa = PBXBuildFile; fileRef = 4BDA821717B0E0DD00C1FA49 /* Default-568h@2x.png */; };
		4BDA821B17B0E0DD00C1FA49 /* MainStoryboard.storyboard in Resources */ = {isa = PBXBuildFile; fileRef = 4BDA821917B0E0DD00C1FA49 /* MainStoryboard.storyboard */; };
		4BDA821E17B0E0DD00C1FA49 /* ViewController.m in Sources */ = {isa = PBXBuildFile; fileRef = 4BDA821D17B0E0DD00C1FA49 /* ViewController.m */; };
/* End PBXBuildFile section */

/* Begin PBXFileReference section */
		4BDA81FE17B0E0DD00C1FA49 /* test_sima1.app */ = {isa = PBXFileReference; explicitFileType = wrapper.application; includeInIndex = 0; path = test_sima1.app; sourceTree = BUILT_PRODUCTS_DIR; };
		4BDA820117B0E0DD00C1FA49 /* UIKit.framework */ = {isa = PBXFileReference; lastKnownFileType = wrapper.framework; name = UIKit.framework; path = System/Library/Frameworks/UIKit.framework; sourceTree = SDKROOT; };
		4BDA820317B0E0DD00C1FA49 /* Foundation.framework */ = {isa = PBXFileReference; lastKnownFileType = wrapper.framework; name = Foundation.framework; path = System/Library/Frameworks/Foundation.framework; sourceTree = SDKROOT; };
		4BDA820517B0E0DD00C1FA49 /* CoreGraphics.framework */ = {isa = PBXFileReference; lastKnownFileType = wrapper.framework; name = CoreGraphics.framework; path = System/Library/Frameworks/CoreGraphics.framework; sourceTree = SDKROOT; };
		4BDA820917B0E0DD00C1FA49 /* test_sima1-Info.plist */ = {isa = PBXFileReference; lastKnownFileType = text.plist.xml; path = "test_sima1-Info.plist"; sourceTree = "<group>"; };
		4BDA820B17B0E0DD00C1FA49 /* en */ = {isa = PBXFileReference; lastKnownFileType = text.plist.strings; name = en; path = en.lproj/InfoPlist.strings; sourceTree = "<group>"; };
		4BDA820D17B0E0DD00C1FA49 /* main.m */ = {isa = PBXFileReference; lastKnownFileType = sourcecode.c.objc; path = main.m; sourceTree = "<group>"; };
		4BDA820F17B0E0DD00C1FA49 /* test_sima1-Prefix.pch */ = {isa = PBXFileReference; lastKnownFileType = sourcecode.c.h; path = "test_sima1-Prefix.pch"; sourceTree = "<group>"; };
		4BDA821017B0E0DD00C1FA49 /* AppDelegate.h */ = {isa = PBXFileReference; lastKnownFileType = sourcecode.c.h; path = AppDelegate.h; sourceTree = "<group>"; };
		4BDA821117B0E0DD00C1FA49 /* AppDelegate.m */ = {isa = PBXFileReference; lastKnownFileType = sourcecode.c.objc; path = AppDelegate.m; sourceTree = "<group>"; };
		4BDA821317B0E0DD00C1FA49 /* Default.png */ = {isa = PBXFileReference; lastKnownFileType = image.png; path = Default.png; sourceTree = "<group>"; };
		4BDA821517B0E0DD00C1FA49 /* Default@2x.png */ = {isa = PBXFileReference; lastKnownFileType = image.png; path = "Default@2x.png"; sourceTree = "<group>"; };
		4BDA821717B0E0DD00C1FA49 /* Default-568h@2x.png */ = {isa = PBXFileReference; lastKnownFileType = image.png; path = "Default-568h@2x.png"; sourceTree = "<group>"; };
		4BDA821A17B0E0DD00C1FA49 /* en */ = {isa = PBXFileReference; lastKnownFileType = file.storyboard; name = en; path = en.lproj/MainStoryboard.storyboard; sourceTree = "<group>"; };
		4BDA821C17B0E0DD00C1FA49 /* ViewController.h */ = {isa = PBXFileReference; lastKnownFileType = sourcecode.c.h; path = ViewController.h; sourceTree = "<group>"; };
		4BDA821D17B0E0DD00C1FA49 /* ViewController.m */ = {isa = PBXFileReference; lastKnownFileType = sourcecode.c.objc; path = ViewController.m; sourceTree = "<group>"; };
/* End PBXFileReference section */

/* Begin PBXFrameworksBuildPhase section */
		4BDA81FB17B0E0DD00C1FA49 /* Frameworks */ = {
			isa = PBXFrameworksBuildPhase;
			buildActionMask = 2147483647;
			files = (
				4BDA820217B0E0DD00C1FA49 /* UIKit.framework in Frameworks */,
				4BDA820417B0E0DD00C1FA49 /* Foundation.framework in Frameworks */,
				4BDA820617B0E0DD00C1FA49 /* CoreGraphics.framework in Frameworks */,
			);
			runOnlyForDeploymentPostprocessing = 0;
		};
/* End PBXFrameworksBuildPhase section */

/* Begin PBXGroup section */
		4BDA81F517B0E0DD00C1FA49 = {
			isa = PBXGroup;
			children = (
				4BDA820717B0E0DD00C1FA49 /* test_sima1 */,
				4BDA820017B0E0DD00C1FA49 /* Frameworks */,
				4BDA81FF17B0E0DD00C1FA49 /* Products */,
			);
			sourceTree = "<group>";
		};
		4BDA81FF17B0E0DD00C1FA49 /* Products */ = {
			isa = PBXGroup;
			children = (
				4BDA81FE17B0E0DD00C1FA49 /* test_sima1.app */,
			);
			name = Products;
			sourceTree = "<group>";
		};
		4BDA820017B0E0DD00C1FA49 /* Frameworks */ = {
			isa = PBXGroup;
			children = (
				4BDA820117B0E0DD00C1FA49 /* UIKit.framework */,
				4BDA820317B0E0DD00C1FA49 /* Foundation.framework */,
				4BDA820517B0E0DD00C1FA49 /* CoreGraphics.framework */,
			);
			name = Frameworks;
			sourceTree = "<group>";
		};
		4BDA820717B0E0DD00C1FA49 /* test_sima1 */ = {
			isa = PBXGroup;
			children = (
				4BDA821017B0E0DD00C1FA49 /* AppDelegate.h */,
				4BDA821117B0E0DD00C1FA49 /* AppDelegate.m */,
				4BDA821917B0E0DD00C1FA49 /* MainStoryboard.storyboard */,
				4BDA821C17B0E0DD00C1FA49 /* ViewController.h */,
				4BDA821D17B0E0DD00C1FA49 /* ViewController.m */,
				4BDA820817B0E0DD00C1FA49 /* Supporting Files */,
			);
			path = test_sima1;
			sourceTree = "<group>";
		};
		4BDA820817B0E0DD00C1FA49 /* Supporting Files */ = {
			isa = PBXGroup;
			children = (
				4BDA820917B0E0DD00C1FA49 /* test_sima1-Info.plist */,
				4BDA820A17B0E0DD00C1FA49 /* InfoPlist.strings */,
				4BDA820D17B0E0DD00C1FA49 /* main.m */,
				4BDA820F17B0E0DD00C1FA49 /* test_sima1-Prefix.pch */,
				4BDA821317B0E0DD00C1FA49 /* Default.png */,
				4BDA821517B0E0DD00C1FA49 /* Default@2x.png */,
				4BDA821717B0E0DD00C1FA49 /* Default-568h@2x.png */,
			);
			name = "Supporting Files";
			sourceTree = "<group>";
		};
/* End PBXGroup section */

/* Begin PBXNativeTarget section */
		4BDA81FD17B0E0DD00C1FA49 /* test_sima1 */ = {
			isa = PBXNativeTarget;
			buildConfigurationList = 4BDA822117B0E0DD00C1FA49 /* Build configuration list for PBXNativeTarget "test_sima1" */;
			buildPhases = (
				4BDA81FA17B0E0DD00C1FA49 /* Sources */,
				4BDA81FB17B0E0DD00C1FA49 /* Frameworks */,
				4BDA81FC17B0E0DD00C1FA49 /* Resources */,
			);
			buildRules = (
			);
			dependencies = (
			);
			name = test_sima1;
			productName = test_sima1;
			productReference = 4BDA81FE17B0E0DD00C1FA49 /* test_sima1.app */;
			productType = "com.apple.product-type.application";
		};
/* End PBXNativeTarget section */

/* Begin PBXProject section */
		4BDA81F617B0E0DD00C1FA49 /* Project object */ = {
			isa = PBXProject;
			attributes = {
				LastUpgradeCheck = 0460;
				ORGANIZATIONNAME = cityascom;
			};
			buildConfigurationList = 4BDA81F917B0E0DD00C1FA49 /* Build configuration list for PBXProject "test_sima1" */;
			compatibilityVersion = "Xcode 3.2";
			developmentRegion = English;
			hasScannedForEncodings = 0;
			knownRegions = (
				en,
			);
			mainGroup = 4BDA81F517B0E0DD00C1FA49;
			productRefGroup = 4BDA81FF17B0E0DD00C1FA49 /* Products */;
			projectDirPath = "";
			projectRoot = "";
			targets = (
				4BDA81FD17B0E0DD00C1FA49 /* test_sima1 */,
			);
		};
/* End PBXProject section */

/* Begin PBXResourcesBuildPhase section */
		4BDA81FC17B0E0DD00C1FA49 /* Resources */ = {
			isa = PBXResourcesBuildPhase;
			buildActionMask = 2147483647;
			files = (
				4BDA820C17B0E0DD00C1FA49 /* InfoPlist.strings in Resources */,
				4BDA821417B0E0DD00C1FA49 /* Default.png in Resources */,
				4BDA821617B0E0DD00C1FA49 /* Default@2x.png in Resources */,
				4BDA821817B0E0DD00C1FA49 /* Default-568h@2x.png in Resources */,
				4BDA821B17B0E0DD00C1FA49 /* MainStoryboard.storyboard in Resources */,
			);
			runOnlyForDeploymentPostprocessing = 0;
		};
/* End PBXResourcesBuildPhase section */

/* Begin PBXSourcesBuildPhase section */
		4BDA81FA17B0E0DD00C1FA49 /* Sources */ = {
			isa = PBXSourcesBuildPhase;
			buildActionMask = 2147483647;
			files = (
				4BDA820E17B0E0DD00C1FA49 /* main.m in Sources */,
				4BDA821217B0E0DD00C1FA49 /* AppDelegate.m in Sources */,
				4BDA821E17B0E0DD00C1FA49 /* ViewController.m in Sources */,
			);
			runOnlyForDeploymentPostprocessing = 0;
		};
/* End PBXSourcesBuildPhase section */

/* Begin PBXVariantGroup section */
		4BDA820A17B0E0DD00C1FA49 /* InfoPlist.strings */ = {
			isa = PBXVariantGroup;
			children = (
				4BDA820B17B0E0DD00C1FA49 /* en */,
			);
			name = InfoPlist.strings;
			sourceTree = "<group>";
		};
		4BDA821917B0E0DD00C1FA49 /* MainStoryboard.storyboard */ = {
			isa = PBXVariantGroup;
			children = (
				4BDA821A17B0E0DD00C1FA49 /* en */,
			);
			name = MainStoryboard.storyboard;
			sourceTree = "<group>";
		};
/* End PBXVariantGroup section */

/* Begin XCBuildConfiguration section */
		4BDA821F17B0E0DD00C1FA49 /* Debug */ = {
			isa = XCBuildConfiguration;
			buildSettings = {
				ALWAYS_SEARCH_USER_PATHS = NO;
				CLANG_CXX_LANGUAGE_STANDARD = "gnu++0x";
				CLANG_CXX_LIBRARY = "libc++";
				CLANG_ENABLE_OBJC_ARC = YES;
				CLANG_WARN_CONSTANT_CONVERSION = YES;
				CLANG_WARN_EMPTY_BODY = YES;
				CLANG_WARN_ENUM_CONVERSION = YES;
				CLANG_WARN_INT_CONVERSION = YES;
				CLANG_WARN__DUPLICATE_METHOD_MATCH = YES;
				"CODE_SIGN_IDENTITY[sdk=iphoneos*]" = "iPhone Developer";
				COPY_PHASE_STRIP = NO;
				GCC_C_LANGUAGE_STANDARD = gnu99;
				GCC_DYNAMIC_NO_PIC = NO;
				GCC_OPTIMIZATION_LEVEL = 0;
				GCC_PREPROCESSOR_DEFINITIONS = (
					"DEBUG=1",
					"$(inherited)",
				);
				GCC_SYMBOLS_PRIVATE_EXTERN = NO;
				GCC_WARN_ABOUT_RETURN_TYPE = YES;
				GCC_WARN_UNINITIALIZED_AUTOS = YES;
				GCC_WARN_UNUSED_VARIABLE = YES;
				IPHONEOS_DEPLOYMENT_TARGET = 6.1;
				ONLY_ACTIVE_ARCH = YES;
				SDKROOT = iphoneos;
			};
			name = Debug;
		};
		4BDA822017B0E0DD00C1FA49 /* Release */ = {
			isa = XCBuildConfiguration;
			buildSettings = {
				ALWAYS_SEARCH_USER_PATHS = NO;
				CLANG_CXX_LANGUAGE_STANDARD = "gnu++0x";
				CLANG_CXX_LIBRARY = "libc++";
				CLANG_ENABLE_OBJC_ARC = YES;
				CLANG_WARN_CONSTANT_CONVERSION = YES;
				CLANG_WARN_EMPTY_BODY = YES;
				CLANG_WARN_ENUM_CONVERSION = YES;
				CLANG_WARN_INT_CONVERSION = YES;
				CLANG_WARN__DUPLICATE_METHOD_MATCH = YES;
				"CODE_SIGN_IDENTITY[sdk=iphoneos*]" = "iPhone Developer";
				COPY_PHASE_STRIP = YES;
				GCC_C_LANGUAGE_STANDARD = gnu99;
				GCC_WARN_ABOUT_RETURN_TYPE = YES;
				GCC_WARN_UNINITIALIZED_AUTOS = YES;
				GCC_WARN_UNUSED_VARIABLE = YES;
				IPHONEOS_DEPLOYMENT_TARGET = 6.1;
				OTHER_CFLAGS = "-DNS_BLOCK_ASSERTIONS=1";
				SDKROOT = iphoneos;
				VALIDATE_PRODUCT = YES;
			};
			name = Release;
		};
		4BDA822217B0E0DD00C1FA49 /* Debug */ = {
			isa = XCBuildConfiguration;
			buildSettings = {
				GCC_PRECOMPILE_PREFIX_HEADER = YES;
				GCC_PREFIX_HEADER = "test_sima1/test_sima1-Prefix.pch";
				INFOPLIST_FILE = "test_sima1/test_sima1-Info.plist";
				PRODUCT_NAME = "$(TARGET_NAME)";
				WRAPPER_EXTENSION = app;
			};
			name = Debug;
		};
		4BDA822317B0E0DD00C1FA49 /* Release */ = {
			isa = XCBuildConfiguration;
			buildSettings = {
				GCC_PRECOMPILE_PREFIX_HEADER = YES;
				GCC_PREFIX_HEADER = "test_sima1/test_sima1-Prefix.pch";
				INFOPLIST_FILE = "test_sima1/test_sima1-Info.plist";
				PRODUCT_NAME = "$(TARGET_NAME)";
				WRAPPER_EXTENSION = app;
			};
			name = Release;
		};
/* End XCBuildConfiguration section */

/* Begin XCConfigurationList section */
		4BDA81F917B0E0DD00C1FA49 /* Build configuration list for PBXProject "test_sima1" */ = {
			isa = XCConfigurationList;
			buildConfigurations = (
				4BDA821F17B0E0DD00C1FA49 /* Debug */,
				4BDA822017B0E0DD00C1FA49 /* Release */,
			);
			defaultConfigurationIsVisible = 0;
			defaultConfigurationName = Release;
		};
		4BDA822117B0E0DD00C1FA49 /* Build configuration list for PBXNativeTarget "test_sima1" */ = {
			isa = XCConfigurationList;
			buildConfigurations = (
				4BDA822217B0E0DD00C1FA49 /* Debug */,
				4BDA822317B0E0DD00C1FA49 /* Release */,
			);
			defaultConfigurationIsVisible = 0;
		};
/* End XCConfigurationList section */
	};
	rootObject = 4BDA81F617B0E0DD00C1FA49 /* Project object */;
}
